
Microsoft Visual Studio Solution File, Format Version 12.00
# Visual Studio 15
VisualStudioVersion = 15.0.27004.2006
MinimumVisualStudioVersion = 10.0.40219.1
Project("{8BC9CEB8-8B4A-11D0-8D11-00A0C91BC942}") = "MyMainApp", "MyMainApp\MyMainApp.vcxproj", "{EAF0BDEE-941C-4FC0-AF41-B6E425C55636}"
EndProject
Project("{8BC9CEB8-8B4A-11D0-8D11-00A0C91BC942}") = "OptionalPackage", "OptionalPackage\OptionalPackage.vcxproj", "{15195583-7E99-4F0E-B15F-4E37C06DEF87}"
	ProjectSection(ProjectDependencies) = postProject
		{5887CD9C-428E-4151-914B-14B7ED6E0301} = {5887CD9C-428E-4151-914B-14B7ED6E0301}
	EndProjectSection
EndProject
Project("{8BC9CEB8-8B4A-11D0-8D11-00A0C91BC942}") = "OptionalPackageDLL", "OptionalPackageDLL\OptionalPackageDLL.vcxproj", "{5887CD9C-428E-4151-914B-14B7ED6E0301}"
EndProject
Project("{8BC9CEB8-8B4A-11D0-8D11-00A0C91BC942}") = "ActivatableOptionalPackage1", "ActivatableOptionalPackage1\ActivatableOptionalPackage1.vcxproj", "{1C0199CA-1A35-460B-848A-A1E50227F5A1}"
EndProject
Project("{8BC9CEB8-8B4A-11D0-8D11-00A0C91BC942}") = "ActivatableOptionalPackage2", "ActivatableOptionalPackage2\ActivatableOptionalPackage2.vcxproj", "{B287E6F8-905D-49BD-AFB4-B49C371B742F}"
EndProject
Global
	GlobalSection(SolutionConfigurationPlatforms) = preSolution
		Debug|ARM = Debug|ARM
		Debug|x64 = Debug|x64
		Debug|x86 = Debug|x86
		Release|ARM = Release|ARM
		Release|x64 = Release|x64
		Release|x86 = Release|x86
	EndGlobalSection
	GlobalSection(ProjectConfigurationPlatforms) = postSolution
		{EAF0BDEE-941C-4FC0-AF41-B6E425C55636}.Debug|ARM.ActiveCfg = Debug|ARM
		{EAF0BDEE-941C-4FC0-AF41-B6E425C55636}.Debug|ARM.Build.0 = Debug|ARM
		{EAF0BDEE-941C-4FC0-AF41-B6E425C55636}.Debug|ARM.Deploy.0 = Debug|ARM
		{EAF0BDEE-941C-4FC0-AF41-B6E425C55636}.Debug|x64.ActiveCfg = Debug|x64
		{EAF0BDEE-941C-4FC0-AF41-B6E425C55636}.Debug|x64.Build.0 = Debug|x64
		{EAF0BDEE-941C-4FC0-AF41-B6E425C55636}.Debug|x64.Deploy.0 = Debug|x64
		{EAF0BDEE-941C-4FC0-AF41-B6E425C55636}.Debug|x86.ActiveCfg = Debug|Win32
		{EAF0BDEE-941C-4FC0-AF41-B6E425C55636}.Debug|x86.Build.0 = Debug|Win32
		{EAF0BDEE-941C-4FC0-AF41-B6E425C55636}.Debug|x86.Deploy.0 = Debug|Win32
		{EAF0BDEE-941C-4FC0-AF41-B6E425C55636}.Release|ARM.ActiveCfg = Release|ARM
		{EAF0BDEE-941C-4FC0-AF41-B6E425C55636}.Release|ARM.Build.0 = Release|ARM
		{EAF0BDEE-941C-4FC0-AF41-B6E425C55636}.Release|ARM.Deploy.0 = Release|ARM
		{EAF0BDEE-941C-4FC0-AF41-B6E425C55636}.Release|x64.ActiveCfg = Release|x64
		{EAF0BDEE-941C-4FC0-AF41-B6E425C55636}.Release|x64.Build.0 = Release|x64
		{EAF0BDEE-941C-4FC0-AF41-B6E425C55636}.Release|x64.Deploy.0 = Release|x64
		{EAF0BDEE-941C-4FC0-AF41-B6E425C55636}.Release|x86.ActiveCfg = Release|Win32
		{EAF0BDEE-941C-4FC0-AF41-B6E425C55636}.Release|x86.Build.0 = Release|Win32
		{EAF0BDEE-941C-4FC0-AF41-B6E425C55636}.Release|x86.Deploy.0 = Release|Win32
		{15195583-7E99-4F0E-B15F-4E37C06DEF87}.Debug|ARM.ActiveCfg = Debug|ARM
		{15195583-7E99-4F0E-B15F-4E37C06DEF87}.Debug|ARM.Build.0 = Debug|ARM
		{15195583-7E99-4F0E-B15F-4E37C06DEF87}.Debug|ARM.Deploy.0 = Debug|ARM
		{15195583-7E99-4F0E-B15F-4E37C06DEF87}.Debug|x64.ActiveCfg = Debug|x64
		{15195583-7E99-4F0E-B15F-4E37C06DEF87}.Debug|x64.Build.0 = Debug|x64
		{15195583-7E99-4F0E-B15F-4E37C06DEF87}.Debug|x64.Deploy.0 = Debug|x64
		{15195583-7E99-4F0E-B15F-4E37C06DEF87}.Debug|x86.ActiveCfg = Debug|Win32
		{15195583-7E99-4F0E-B15F-4E37C06DEF87}.Debug|x86.Build.0 = Debug|Win32
		{15195583-7E99-4F0E-B15F-4E37C06DEF87}.Debug|x86.Deploy.0 = Debug|Win32
		{15195583-7E99-4F0E-B15F-4E37C06DEF87}.Release|ARM.ActiveCfg = Release|ARM
		{15195583-7E99-4F0E-B15F-4E37C06DEF87}.Release|ARM.Build.0 = Release|ARM
		{15195583-7E99-4F0E-B15F-4E37C06DEF87}.Release|ARM.Deploy.0 = Release|ARM
		{15195583-7E99-4F0E-B15F-4E37C06DEF87}.Release|x64.ActiveCfg = Release|x64
		{15195583-7E99-4F0E-B15F-4E37C06DEF87}.Release|x64.Build.0 = Release|x64
		{15195583-7E99-4F0E-B15F-4E37C06DEF87}.Release|x64.Deploy.0 = Release|x64
		{15195583-7E99-4F0E-B15F-4E37C06DEF87}.Release|x86.ActiveCfg = Release|Win32
		{15195583-7E99-4F0E-B15F-4E37C06DEF87}.Release|x86.Build.0 = Release|Win32
		{15195583-7E99-4F0E-B15F-4E37C06DEF87}.Release|x86.Deploy.0 = Release|Win32
		{5887CD9C-428E-4151-914B-14B7ED6E0301}.Debug|ARM.ActiveCfg = Debug|ARM
		{5887CD9C-428E-4151-914B-14B7ED6E0301}.Debug|ARM.Build.0 = Debug|ARM
		{5887CD9C-428E-4151-914B-14B7ED6E0301}.Debug|x64.ActiveCfg = Debug|x64
		{5887CD9C-428E-4151-914B-14B7ED6E0301}.Debug|x64.Build.0 = Debug|x64
		{5887CD9C-428E-4151-914B-14B7ED6E0301}.Debug|x86.ActiveCfg = Debug|Win32
		{5887CD9C-428E-4151-914B-14B7ED6E0301}.Debug|x86.Build.0 = Debug|Win32
		{5887CD9C-428E-4151-914B-14B7ED6E0301}.Release|ARM.ActiveCfg = Release|ARM
		{5887CD9C-428E-4151-914B-14B7ED6E0301}.Release|ARM.Build.0 = Release|ARM
		{5887CD9C-428E-4151-914B-14B7ED6E0301}.Release|x64.ActiveCfg = Release|x64
		{5887CD9C-428E-4151-914B-14B7ED6E0301}.Release|x64.Build.0 = Release|x64
		{5887CD9C-428E-4151-914B-14B7ED6E0301}.Release|x86.ActiveCfg = Release|Win32
		{5887CD9C-428E-4151-914B-14B7ED6E0301}.Release|x86.Build.0 = Release|Win32
		{1C0199CA-1A35-460B-848A-A1E50227F5A1}.Debug|ARM.ActiveCfg = Debug|ARM
		{1C0199CA-1A35-460B-848A-A1E50227F5A1}.Debug|ARM.Build.0 = Debug|ARM
		{1C0199CA-1A35-460B-848A-A1E50227F5A1}.Debug|ARM.Deploy.0 = Debug|ARM
		{1C0199CA-1A35-460B-848A-A1E50227F5A1}.Debug|x64.ActiveCfg = Debug|x64
		{1C0199CA-1A35-460B-848A-A1E50227F5A1}.Debug|x64.Build.0 = Debug|x64
		{1C0199CA-1A35-460B-848A-A1E50227F5A1}.Debug|x64.Deploy.0 = Debug|x64
		{1C0199CA-1A35-460B-848A-A1E50227F5A1}.Debug|x86.ActiveCfg = Debug|Win32
		{1C0199CA-1A35-460B-848A-A1E50227F5A1}.Debug|x86.Build.0 = Debug|Win32
		{1C0199CA-1A35-460B-848A-A1E50227F5A1}.Debug|x86.Deploy.0 = Debug|Win32
		{1C0199CA-1A35-460B-848A-A1E50227F5A1}.Release|ARM.ActiveCfg = Release|ARM
		{1C0199CA-1A35-460B-848A-A1E50227F5A1}.Release|ARM.Build.0 = Release|ARM
		{1C0199CA-1A35-460B-848A-A1E50227F5A1}.Release|ARM.Deploy.0 = Release|ARM
		{1C0199CA-1A35-460B-848A-A1E50227F5A1}.Release|x64.ActiveCfg = Release|x64
		{1C0199CA-1A35-460B-848A-A1E50227F5A1}.Release|x64.Build.0 = Release|x64
		{1C0199CA-1A35-460B-848A-A1E50227F5A1}.Release|x64.Deploy.0 = Release|x64
		{1C0199CA-1A35-460B-848A-A1E50227F5A1}.Release|x86.ActiveCfg = Release|Win32
		{1C0199CA-1A35-460B-848A-A1E50227F5A1}.Release|x86.Build.0 = Release|Win32
		{1C0199CA-1A35-460B-848A-A1E50227F5A1}.Release|x86.Deploy.0 = Release|Win32
		{B287E6F8-905D-49BD-AFB4-B49C371B742F}.Debug|ARM.ActiveCfg = Debug|ARM
		{B287E6F8-905D-49BD-AFB4-B49C371B742F}.Debug|ARM.Build.0 = Debug|ARM
		{B287E6F8-905D-49BD-AFB4-B49C371B742F}.Debug|ARM.Deploy.0 = Debug|ARM
		{B287E6F8-905D-49BD-AFB4-B49C371B742F}.Debug|x64.ActiveCfg = Debug|x64
		{B287E6F8-905D-49BD-AFB4-B49C371B742F}.Debug|x64.Build.0 = Debug|x64
		{B287E6F8-905D-49BD-AFB4-B49C371B742F}.Debug|x64.Deploy.0 = Debug|x64
		{B287E6F8-905D-49BD-AFB4-B49C371B742F}.Debug|x86.ActiveCfg = Debug|Win32
		{B287E6F8-905D-49BD-AFB4-B49C371B742F}.Debug|x86.Build.0 = Debug|Win32
		{B287E6F8-905D-49BD-AFB4-B49C371B742F}.Debug|x86.Deploy.0 = Debug|Win32
		{B287E6F8-905D-49BD-AFB4-B49C371B742F}.Release|ARM.ActiveCfg = Release|ARM
		{B287E6F8-905D-49BD-AFB4-B49C371B742F}.Release|ARM.Build.0 = Release|ARM
		{B287E6F8-905D-49BD-AFB4-B49C371B742F}.Release|ARM.Deploy.0 = Release|ARM
		{B287E6F8-905D-49BD-AFB4-B49C371B742F}.Release|x64.ActiveCfg = Release|x64
		{B287E6F8-905D-49BD-AFB4-B49C371B742F}.Release|x64.Build.0 = Release|x64
		{B287E6F8-905D-49BD-AFB4-B49C371B742F}.Release|x64.Deploy.0 = Release|x64
		{B287E6F8-905D-49BD-AFB4-B49C371B742F}.Release|x86.ActiveCfg = Release|Win32
		{B287E6F8-905D-49BD-AFB4-B49C371B742F}.Release|x86.Build.0 = Release|Win32
		{B287E6F8-905D-49BD-AFB4-B49C371B742F}.Release|x86.Deploy.0 = Release|Win32
	EndGlobalSection
	GlobalSection(SolutionProperties) = preSolution
		HideSolutionNode = FALSE
	EndGlobalSection
	GlobalSection(ExtensibilityGlobals) = postSolution
		SolutionGuid = {5739228D-D4DA-4999-AC08-5AE7C2E0010C}
	EndGlobalSection
EndGlobal
